
Microsoft Visual Studio Solution File, Format Version 12.00
# Visual Studio Version 17
VisualStudioVersion = 17.14.36623.8 d17.14
MinimumVisualStudioVersion = 10.0.40219.1
Project("{FAE04EC0-301F-11D3-BF4B-00C04F79EFBC}") = "OSRSAvaDevices", "OSRSAvaDevices.csproj", "{624DCA8E-4A27-610E-43D9-9E2BD9F85043}"
EndProject
Global
	GlobalSection(SolutionConfigurationPlatforms) = preSolution
		Debug|Any CPU = Debug|Any CPU
		Release|Any CPU = Release|Any CPU
	EndGlobalSection
	GlobalSection(ProjectConfigurationPlatforms) = postSolution
		{624DCA8E-4A27-610E-43D9-9E2BD9F85043}.Debug|Any CPU.ActiveCfg = Debug|Any CPU
		{624DCA8E-4A27-610E-43D9-9E2BD9F85043}.Debug|Any CPU.Build.0 = Debug|Any CPU
		{624DCA8E-4A27-610E-43D9-9E2BD9F85043}.Release|Any CPU.ActiveCfg = Release|Any CPU
		{624DCA8E-4A27-610E-43D9-9E2BD9F85043}.Release|Any CPU.Build.0 = Release|Any CPU
	EndGlobalSection
	GlobalSection(SolutionProperties) = preSolution
		HideSolutionNode = FALSE
	EndGlobalSection
	GlobalSection(ExtensibilityGlobals) = postSolution
		SolutionGuid = {4DF305F9-D601-43EC-B6E4-69D26964C68D}
	EndGlobalSection
EndGlobal
